// !$*UTF8*$!
{
	archiveVersion = 1;
	classes = {
	};
	objectVersion = 46;
	objects = {

/* Begin PBXBuildFile section */
		2D525CCF1D2661BD006B22FE /* main.m in Sources */ = {isa = PBXBuildFile; fileRef = 2D525CCE1D2661BD006B22FE /* main.m */; };
		2D525CD21D2661BD006B22FE /* AppDelegate.m in Sources */ = {isa = PBXBuildFile; fileRef = 2D525CD11D2661BD006B22FE /* AppDelegate.m */; };
		2D525CD81D2661BD006B22FE /* Main.storyboard in Resources */ = {isa = PBXBuildFile; fileRef = 2D525CD61D2661BD006B22FE /* Main.storyboard */; };
		2D525CDA1D2661BD006B22FE /* Assets.xcassets in Resources */ = {isa = PBXBuildFile; fileRef = 2D525CD91D2661BD006B22FE /* Assets.xcassets */; };
		2D525CDD1D2661BD006B22FE /* LaunchScreen.storyboard in Resources */ = {isa = PBXBuildFile; fileRef = 2D525CDB1D2661BD006B22FE /* LaunchScreen.storyboard */; };
		2D525CE81D266250006B22FE /* EAGLView.mm in Sources */ = {isa = PBXBuildFile; fileRef = 2D525CE51D266250006B22FE /* EAGLView.mm */; };
		2D525CE91D266250006B22FE /* ViewController.m in Sources */ = {isa = PBXBuildFile; fileRef = 2D525CE71D266250006B22FE /* ViewController.m */; };
		2D525CEB1D26627B006B22FE /* data in Resources */ = {isa = PBXBuildFile; fileRef = 2D525CEA1D26627B006B22FE /* data */; };
		2D525CEF1D266381006B22FE /* Application3DResources.bundle in Resources */ = {isa = PBXBuildFile; fileRef = 2D525CEE1D266381006B22FE /* Application3DResources.bundle */; };
		2D525CF91D266497006B22FE /* MBProgressHUD.m in Sources */ = {isa = PBXBuildFile; fileRef = 2D525CF81D266497006B22FE /* MBProgressHUD.m */; };
		2DCF473A1D3CDE20005226C9 /* libApplication3D.a in Frameworks */ = {isa = PBXBuildFile; fileRef = 2D525CEC1D266348006B22FE /* libApplication3D.a */; };
/* End PBXBuildFile section */

/* Begin PBXFileReference section */
		2D525CCA1D2661BD006B22FE /* Application3DDemo.app */ = {isa = PBXFileReference; explicitFileType = wrapper.application; includeInIndex = 0; path = Application3DDemo.app; sourceTree = BUILT_PRODUCTS_DIR; };
		2D525CCE1D2661BD006B22FE /* main.m */ = {isa = PBXFileReference; lastKnownFileType = sourcecode.c.objc; path = main.m; sourceTree = "<group>"; };
		2D525CD01D2661BD006B22FE /* AppDelegate.h */ = {isa = PBXFileReference; lastKnownFileType = sourcecode.c.h; path = AppDelegate.h; sourceTree = "<group>"; };
		2D525CD11D2661BD006B22FE /* AppDelegate.m */ = {isa = PBXFileReference; lastKnownFileType = sourcecode.c.objc; path = AppDelegate.m; sourceTree = "<group>"; };
		2D525CD71D2661BD006B22FE /* Base */ = {isa = PBXFileReference; lastKnownFileType = file.storyboard; name = Base; path = Base.lproj/Main.storyboard; sourceTree = "<group>"; };
		2D525CD91D2661BD006B22FE /* Assets.xcassets */ = {isa = PBXFileReference; lastKnownFileType = folder.assetcatalog; path = Assets.xcassets; sourceTree = "<group>"; };
		2D525CDC1D2661BD006B22FE /* Base */ = {isa = PBXFileReference; lastKnownFileType = file.storyboard; name = Base; path = Base.lproj/LaunchScreen.storyboard; sourceTree = "<group>"; };
		2D525CDE1D2661BD006B22FE /* Info.plist */ = {isa = PBXFileReference; lastKnownFileType = text.plist.xml; path = Info.plist; sourceTree = "<group>"; };
		2D525CE41D266250006B22FE /* EAGLView.h */ = {isa = PBXFileReference; fileEncoding = 4; lastKnownFileType = sourcecode.c.h; path = EAGLView.h; sourceTree = "<group>"; };
		2D525CE51D266250006B22FE /* EAGLView.mm */ = {isa = PBXFileReference; fileEncoding = 4; lastKnownFileType = sourcecode.cpp.objcpp; path = EAGLView.mm; sourceTree = "<group>"; };
		2D525CE61D266250006B22FE /* ViewController.h */ = {isa = PBXFileReference; fileEncoding = 4; lastKnownFileType = sourcecode.c.h; path = ViewController.h; sourceTree = "<group>"; };
		2D525CE71D266250006B22FE /* ViewController.m */ = {isa = PBXFileReference; fileEncoding = 4; lastKnownFileType = sourcecode.c.objc; path = ViewController.m; sourceTree = "<group>"; };
		2D525CEA1D26627B006B22FE /* data */ = {isa = PBXFileReference; lastKnownFileType = folder; name = data; path = ../../data; sourceTree = "<group>"; };
		2D525CEC1D266348006B22FE /* libApplication3D.a */ = {isa = PBXFileReference; lastKnownFileType = archive.ar; name = libApplication3D.a; path = "../lib/build/Debug-iphoneos/libApplication3D.a"; sourceTree = "<group>"; };
		2D525CEE1D266381006B22FE /* Application3DResources.bundle */ = {isa = PBXFileReference; lastKnownFileType = "wrapper.plug-in"; name = Application3DResources.bundle; path = ../lib/build/Debug/Application3DResources.bundle; sourceTree = "<group>"; };
		2D525CF71D266497006B22FE /* MBProgressHUD.h */ = {isa = PBXFileReference; fileEncoding = 4; lastKnownFileType = sourcecode.c.h; path = MBProgressHUD.h; sourceTree = "<group>"; };
		2D525CF81D266497006B22FE /* MBProgressHUD.m */ = {isa = PBXFileReference; fileEncoding = 4; lastKnownFileType = sourcecode.c.objc; path = MBProgressHUD.m; sourceTree = "<group>"; };
/* End PBXFileReference section */

/* Begin PBXFrameworksBuildPhase section */
		2D525CC71D2661BD006B22FE /* Frameworks */ = {
			isa = PBXFrameworksBuildPhase;
			buildActionMask = 2147483647;
			files = (
				2DCF473A1D3CDE20005226C9 /* libApplication3D.a in Frameworks */,
			);
			runOnlyForDeploymentPostprocessing = 0;
		};
/* End PBXFrameworksBuildPhase section */

/* Begin PBXGroup section */
		2D525CC11D2661BD006B22FE = {
			isa = PBXGroup;
			children = (
				2D525CF61D266497006B22FE /* MBProgressHUD */,
				2D525CEC1D266348006B22FE /* libApplication3D.a */,
				2D525CEE1D266381006B22FE /* Application3DResources.bundle */,
				2D525CEA1D26627B006B22FE /* data */,
				2D525CCC1D2661BD006B22FE /* Application3DDemo */,
				2D525CCB1D2661BD006B22FE /* Products */,
			);
			sourceTree = "<group>";
		};
		2D525CCB1D2661BD006B22FE /* Products */ = {
			isa = PBXGroup;
			children = (
				2D525CCA1D2661BD006B22FE /* Application3DDemo.app */,
			);
			name = Products;
			sourceTree = "<group>";
		};
		2D525CCC1D2661BD006B22FE /* Application3DDemo */ = {
			isa = PBXGroup;
			children = (
				2D525CE41D266250006B22FE /* EAGLView.h */,
				2D525CE51D266250006B22FE /* EAGLView.mm */,
				2D525CE61D266250006B22FE /* ViewController.h */,
				2D525CE71D266250006B22FE /* ViewController.m */,
				2D525CCD1D2661BD006B22FE /* Supporting Files */,
			);
			path = Application3DDemo;
			sourceTree = "<group>";
		};
		2D525CCD1D2661BD006B22FE /* Supporting Files */ = {
			isa = PBXGroup;
			children = (
				2D525CD01D2661BD006B22FE /* AppDelegate.h */,
				2D525CD11D2661BD006B22FE /* AppDelegate.m */,
				2D525CD61D2661BD006B22FE /* Main.storyboard */,
				2D525CD91D2661BD006B22FE /* Assets.xcassets */,
				2D525CDB1D2661BD006B22FE /* LaunchScreen.storyboard */,
				2D525CDE1D2661BD006B22FE /* Info.plist */,
				2D525CCE1D2661BD006B22FE /* main.m */,
			);
			name = "Supporting Files";
			sourceTree = "<group>";
		};
		2D525CF61D266497006B22FE /* MBProgressHUD */ = {
			isa = PBXGroup;
			children = (
				2D525CF71D266497006B22FE /* MBProgressHUD.h */,
				2D525CF81D266497006B22FE /* MBProgressHUD.m */,
			);
			name = MBProgressHUD;
			path = ../vendor/MBProgressHUD;
			sourceTree = "<group>";
		};
/* End PBXGroup section */

/* Begin PBXNativeTarget section */
		2D525CC91D2661BD006B22FE /* Application3DDemo */ = {
			isa = PBXNativeTarget;
			buildConfigurationList = 2D525CE11D2661BD006B22FE /* Build configuration list for PBXNativeTarget "Application3DDemo" */;
			buildPhases = (
				2D525CC61D2661BD006B22FE /* Sources */,
				2D525CC71D2661BD006B22FE /* Frameworks */,
				2D525CC81D2661BD006B22FE /* Resources */,
			);
			buildRules = (
			);
			dependencies = (
			);
			name = Application3DDemo;
			productName = Application3DDemo;
			productReference = 2D525CCA1D2661BD006B22FE /* Application3DDemo.app */;
			productType = "com.apple.product-type.application";
		};
/* End PBXNativeTarget section */

/* Begin PBXProject section */
		2D525CC21D2661BD006B22FE /* Project object */ = {
			isa = PBXProject;
			attributes = {
				LastUpgradeCheck = 0730;
				ORGANIZATIONNAME = CharlyZhang;
				TargetAttributes = {
					2D525CC91D2661BD006B22FE = {
						CreatedOnToolsVersion = 7.3.1;
						DevelopmentTeam = JWD48Y236P;
					};
				};
			};
			buildConfigurationList = 2D525CC51D2661BD006B22FE /* Build configuration list for PBXProject "Application3DDemo" */;
			compatibilityVersion = "Xcode 3.2";
			developmentRegion = English;
			hasScannedForEncodings = 0;
			knownRegions = (
				en,
				Base,
			);
			mainGroup = 2D525CC11D2661BD006B22FE;
			productRefGroup = 2D525CCB1D2661BD006B22FE /* Products */;
			projectDirPath = "";
			projectRoot = "";
			targets = (
				2D525CC91D2661BD006B22FE /* Application3DDemo */,
			);
		};
/* End PBXProject section */

/* Begin PBXResourcesBuildPhase section */
		2D525CC81D2661BD006B22FE /* Resources */ = {
			isa = PBXResourcesBuildPhase;
			buildActionMask = 2147483647;
			files = (
				2D525CDD1D2661BD006B22FE /* LaunchScreen.storyboard in Resources */,
				2D525CDA1D2661BD006B22FE /* Assets.xcassets in Resources */,
				2D525CEF1D266381006B22FE /* Application3DResources.bundle in Resources */,
				2D525CEB1D26627B006B22FE /* data in Resources */,
				2D525CD81D2661BD006B22FE /* Main.storyboard in Resources */,
			);
			runOnlyForDeploymentPostprocessing = 0;
		};
/* End PBXResourcesBuildPhase section */

/* Begin PBXSourcesBuildPhase section */
		2D525CC61D2661BD006B22FE /* Sources */ = {
			isa = PBXSourcesBuildPhase;
			buildActionMask = 2147483647;
			files = (
				2D525CE81D266250006B22FE /* EAGLView.mm in Sources */,
				2D525CD21D2661BD006B22FE /* AppDelegate.m in Sources */,
				2D525CF91D266497006B22FE /* MBProgressHUD.m in Sources */,
				2D525CE91D266250006B22FE /* ViewController.m in Sources */,
				2D525CCF1D2661BD006B22FE /* main.m in Sources */,
			);
			runOnlyForDeploymentPostprocessing = 0;
		};
/* End PBXSourcesBuildPhase section */

/* Begin PBXVariantGroup section */
		2D525CD61D2661BD006B22FE /* Main.storyboard */ = {
			isa = PBXVariantGroup;
			children = (
				2D525CD71D2661BD006B22FE /* Base */,
			);
			name = Main.storyboard;
			sourceTree = "<group>";
		};
		2D525CDB1D2661BD006B22FE /* LaunchScreen.storyboard */ = {
			isa = PBXVariantGroup;
			children = (
				2D525CDC1D2661BD006B22FE /* Base */,
			);
			name = LaunchScreen.storyboard;
			sourceTree = "<group>";
		};
/* End PBXVariantGroup section */

/* Begin XCBuildConfiguration section */
		2D525CDF1D2661BD006B22FE /* Debug */ = {
			isa = XCBuildConfiguration;
			buildSettings = {
				ALWAYS_SEARCH_USER_PATHS = NO;
				CLANG_ANALYZER_NONNULL = YES;
				CLANG_CXX_LANGUAGE_STANDARD = "gnu++0x";
				CLANG_CXX_LIBRARY = "libc++";
				CLANG_ENABLE_MODULES = YES;
				CLANG_ENABLE_OBJC_ARC = YES;
				CLANG_WARN_BOOL_CONVERSION = YES;
				CLANG_WARN_CONSTANT_CONVERSION = YES;
				CLANG_WARN_DIRECT_OBJC_ISA_USAGE = YES_ERROR;
				CLANG_WARN_EMPTY_BODY = YES;
				CLANG_WARN_ENUM_CONVERSION = YES;
				CLANG_WARN_INT_CONVERSION = YES;
				CLANG_WARN_OBJC_ROOT_CLASS = YES_ERROR;
				CLANG_WARN_UNREACHABLE_CODE = YES;
				CLANG_WARN__DUPLICATE_METHOD_MATCH = YES;
				"CODE_SIGN_IDENTITY[sdk=iphoneos*]" = "iPhone Developer";
				COPY_PHASE_STRIP = NO;
				DEBUG_INFORMATION_FORMAT = dwarf;
				ENABLE_STRICT_OBJC_MSGSEND = YES;
				ENABLE_TESTABILITY = YES;
				GCC_C_LANGUAGE_STANDARD = gnu99;
				GCC_DYNAMIC_NO_PIC = NO;
				GCC_NO_COMMON_BLOCKS = YES;
				GCC_OPTIMIZATION_LEVEL = 0;
				GCC_PREPROCESSOR_DEFINITIONS = (
					"DEBUG=1",
					"$(inherited)",
				);
				GCC_WARN_64_TO_32_BIT_CONVERSION = YES;
				GCC_WARN_ABOUT_RETURN_TYPE = YES_ERROR;
				GCC_WARN_UNDECLARED_SELECTOR = YES;
				GCC_WARN_UNINITIALIZED_AUTOS = YES_AGGRESSIVE;
				GCC_WARN_UNUSED_FUNCTION = YES;
				GCC_WARN_UNUSED_VARIABLE = YES;
				IPHONEOS_DEPLOYMENT_TARGET = 9.3;
				MTL_ENABLE_DEBUG_INFO = YES;
				ONLY_ACTIVE_ARCH = YES;
				SDKROOT = iphoneos;
				TARGETED_DEVICE_FAMILY = "1,2";
			GCC_SYMBOLS_PRIVATE_EXTERN = NO;
				};
			name = Debug;
		};
		2D525CE01D2661BD006B22FE /* Release */ = {
			isa = XCBuildConfiguration;
			buildSettings = {
				ALWAYS_SEARCH_USER_PATHS = NO;
				CLANG_ANALYZER_NONNULL = YES;
				CLANG_CXX_LANGUAGE_STANDARD = "gnu++0x";
				CLANG_CXX_LIBRARY = "libc++";
				CLANG_ENABLE_MODULES = YES;
				CLANG_ENABLE_OBJC_ARC = YES;
				CLANG_WARN_BOOL_CONVERSION = YES;
				CLANG_WARN_CONSTANT_CONVERSION = YES;
				CLANG_WARN_DIRECT_OBJC_ISA_USAGE = YES_ERROR;
				CLANG_WARN_EMPTY_BODY = YES;
				CLANG_WARN_ENUM_CONVERSION = YES;
				CLANG_WARN_INT_CONVERSION = YES;
				CLANG_WARN_OBJC_ROOT_CLASS = YES_ERROR;
				CLANG_WARN_UNREACHABLE_CODE = YES;
				CLANG_WARN__DUPLICATE_METHOD_MATCH = YES;
				"CODE_SIGN_IDENTITY[sdk=iphoneos*]" = "iPhone Developer";
				COPY_PHASE_STRIP = NO;
				DEBUG_INFORMATION_FORMAT = "dwarf-with-dsym";
				ENABLE_NS_ASSERTIONS = NO;
				ENABLE_STRICT_OBJC_MSGSEND = YES;
				GCC_C_LANGUAGE_STANDARD = gnu99;
				GCC_NO_COMMON_BLOCKS = YES;
				GCC_WARN_64_TO_32_BIT_CONVERSION = YES;
				GCC_WARN_ABOUT_RETURN_TYPE = YES_ERROR;
				GCC_WARN_UNDECLARED_SELECTOR = YES;
				GCC_WARN_UNINITIALIZED_AUTOS = YES_AGGRESSIVE;
				GCC_WARN_UNUSED_FUNCTION = YES;
				GCC_WARN_UNUSED_VARIABLE = YES;
				IPHONEOS_DEPLOYMENT_TARGET = 9.3;
				MTL_ENABLE_DEBUG_INFO = NO;
				SDKROOT = iphoneos;
				TARGETED_DEVICE_FAMILY = "1,2";
				VALIDATE_PRODUCT = YES;
			};
			name = Release;
		};
		2D525CE21D2661BD006B22FE /* Debug */ = {
			isa = XCBuildConfiguration;
			buildSettings = {
				ASSETCATALOG_COMPILER_APPICON_NAME = AppIcon;
				CLANG_CXX_LANGUAGE_STANDARD = "c++0x";
				CLANG_CXX_LIBRARY = "libc++";
				CODE_SIGN_IDENTITY = "iPhone Developer: LI Leichuan (YK29UXBS4P)";
				HEADER_SEARCH_PATHS = (
					"../../src/**",
					"../vendor/**",
				);
				INFOPLIST_FILE = Application3DDemo/Info.plist;
				IPHONEOS_DEPLOYMENT_TARGET = 7.0;
				LD_RUNPATH_SEARCH_PATHS = "$(inherited) @executable_path/Frameworks";
				PRODUCT_BUNDLE_IDENTIFIER = com.founder.Application3DDemo;
				PRODUCT_NAME = "$(TARGET_NAME)";
				PROVISIONING_PROFILE = "996d68d1-7df3-411e-93da-d9d99561950b";
			GCC_SYMBOLS_PRIVATE_EXTERN = NO;
				};
			name = Debug;
		};
		2D525CE31D2661BD006B22FE /* Release */ = {
			isa = XCBuildConfiguration;
			buildSettings = {
				ASSETCATALOG_COMPILER_APPICON_NAME = AppIcon;
				CLANG_CXX_LANGUAGE_STANDARD = "c++0x";
				CLANG_CXX_LIBRARY = "libc++";
				CODE_SIGN_IDENTITY = "iPhone Developer: LI Leichuan (YK29UXBS4P)";
				HEADER_SEARCH_PATHS = (
					"../../src/**",
					"../vendor/**",
				);
				INFOPLIST_FILE = Application3DDemo/Info.plist;
				IPHONEOS_DEPLOYMENT_TARGET = 7.0;
				LD_RUNPATH_SEARCH_PATHS = "$(inherited) @executable_path/Frameworks";
				PRODUCT_BUNDLE_IDENTIFIER = com.founder.Application3DDemo;
				PRODUCT_NAME = "$(TARGET_NAME)";
				PROVISIONING_PROFILE = "996d68d1-7df3-411e-93da-d9d99561950b";
			};
			name = Release;
		};
/* End XCBuildConfiguration section */

/* Begin XCConfigurationList section */
		2D525CC51D2661BD006B22FE /* Build configuration list for PBXProject "Application3DDemo" */ = {
			isa = XCConfigurationList;
			buildConfigurations = (
				2D525CDF1D2661BD006B22FE /* Debug */,
				2D525CE01D2661BD006B22FE /* Release */,
			);
			defaultConfigurationIsVisible = 0;
			defaultConfigurationName = Release;
		};
		2D525CE11D2661BD006B22FE /* Build configuration list for PBXNativeTarget "Application3DDemo" */ = {
			isa = XCConfigurationList;
			buildConfigurations = (
				2D525CE21D2661BD006B22FE /* Debug */,
				2D525CE31D2661BD006B22FE /* Release */,
			);
			defaultConfigurationIsVisible = 0;
			defaultConfigurationName = Release;
		};
/* End XCConfigurationList section */
	};
	rootObject = 2D525CC21D2661BD006B22FE /* Project object */;
}
